
Microsoft Visual Studio Solution File, Format Version 12.00
# Visual Studio Version 17
VisualStudioVersion = 17.5.33530.505
MinimumVisualStudioVersion = 10.0.40219.1
Project("{FAE04EC0-301F-11D3-BF4B-00C04F79EFBC}") = "PuissanceQuatre", "PuissanceQuatre\PuissanceQuatre.csproj", "{509ED0B6-1CEC-4612-97B9-CA689365FDDB}"
EndProject
Global
	GlobalSection(SolutionConfigurationPlatforms) = preSolution
		Debug|Any CPU = Debug|Any CPU
		Release|Any CPU = Release|Any CPU
	EndGlobalSection
	GlobalSection(ProjectConfigurationPlatforms) = postSolution
		{509ED0B6-1CEC-4612-97B9-CA689365FDDB}.Debug|Any CPU.ActiveCfg = Debug|Any CPU
		{509ED0B6-1CEC-4612-97B9-CA689365FDDB}.Debug|Any CPU.Build.0 = Debug|Any CPU
		{509ED0B6-1CEC-4612-97B9-CA689365FDDB}.Release|Any CPU.ActiveCfg = Release|Any CPU
		{509ED0B6-1CEC-4612-97B9-CA689365FDDB}.Release|Any CPU.Build.0 = Release|Any CPU
	EndGlobalSection
	GlobalSection(SolutionProperties) = preSolution
		HideSolutionNode = FALSE
	EndGlobalSection
	GlobalSection(ExtensibilityGlobals) = postSolution
		SolutionGuid = {F041C4D6-625B-41D1-9D56-892FE7A4C2B3}
	EndGlobalSection
EndGlobal
